// !$*UTF8*$!
{
	archiveVersion = 1;
	classes = {
	};
	objectVersion = 55;
	objects = {

/* Begin PBXBuildFile section */
		3B7A657B288A894600D17EB6 /* AppDelegate.swift in Sources */ = {isa = PBXBuildFile; fileRef = 3B7A657A288A894600D17EB6 /* AppDelegate.swift */; };
		3B7A657D288A894600D17EB6 /* SceneDelegate.swift in Sources */ = {isa = PBXBuildFile; fileRef = 3B7A657C288A894600D17EB6 /* SceneDelegate.swift */; };
		3B7A657F288A894600D17EB6 /* ViewController.swift in Sources */ = {isa = PBXBuildFile; fileRef = 3B7A657E288A894600D17EB6 /* ViewController.swift */; };
		3B7A6582288A894600D17EB6 /* Main.storyboard in Resources */ = {isa = PBXBuildFile; fileRef = 3B7A6580288A894600D17EB6 /* Main.storyboard */; };
		3B7A6584288A894A00D17EB6 /* Assets.xcassets in Resources */ = {isa = PBXBuildFile; fileRef = 3B7A6583288A894A00D17EB6 /* Assets.xcassets */; };
		3B7A6587288A894A00D17EB6 /* LaunchScreen.storyboard in Resources */ = {isa = PBXBuildFile; fileRef = 3B7A6585288A894A00D17EB6 /* LaunchScreen.storyboard */; };
		D7364C6701A7EADF08CF21BA /* Pods_SJWActionSheetDemo.framework in Frameworks */ = {isa = PBXBuildFile; fileRef = D087FE3828B03F321EBC11A5 /* Pods_SJWActionSheetDemo.framework */; };
/* End PBXBuildFile section */

/* Begin PBXFileReference section */
		0FCBCF68B5244C6721C1115A /* Pods-SJWActionSheetDemo.debug.xcconfig */ = {isa = PBXFileReference; includeInIndex = 1; lastKnownFileType = text.xcconfig; name = "Pods-SJWActionSheetDemo.debug.xcconfig"; path = "Target Support Files/Pods-SJWActionSheetDemo/Pods-SJWActionSheetDemo.debug.xcconfig"; sourceTree = "<group>"; };
		171663001F36F85A17CA341A /* Pods-SJWActionSheetDemo.release.xcconfig */ = {isa = PBXFileReference; includeInIndex = 1; lastKnownFileType = text.xcconfig; name = "Pods-SJWActionSheetDemo.release.xcconfig"; path = "Target Support Files/Pods-SJWActionSheetDemo/Pods-SJWActionSheetDemo.release.xcconfig"; sourceTree = "<group>"; };
		3B7A6577288A894600D17EB6 /* SJWActionSheetDemo.app */ = {isa = PBXFileReference; explicitFileType = wrapper.application; includeInIndex = 0; path = SJWActionSheetDemo.app; sourceTree = BUILT_PRODUCTS_DIR; };
		3B7A657A288A894600D17EB6 /* AppDelegate.swift */ = {isa = PBXFileReference; lastKnownFileType = sourcecode.swift; path = AppDelegate.swift; sourceTree = "<group>"; };
		3B7A657C288A894600D17EB6 /* SceneDelegate.swift */ = {isa = PBXFileReference; lastKnownFileType = sourcecode.swift; path = SceneDelegate.swift; sourceTree = "<group>"; };
		3B7A657E288A894600D17EB6 /* ViewController.swift */ = {isa = PBXFileReference; lastKnownFileType = sourcecode.swift; path = ViewController.swift; sourceTree = "<group>"; };
		3B7A6581288A894600D17EB6 /* Base */ = {isa = PBXFileReference; lastKnownFileType = file.storyboard; name = Base; path = Base.lproj/Main.storyboard; sourceTree = "<group>"; };
		3B7A6583288A894A00D17EB6 /* Assets.xcassets */ = {isa = PBXFileReference; lastKnownFileType = folder.assetcatalog; path = Assets.xcassets; sourceTree = "<group>"; };
		3B7A6586288A894A00D17EB6 /* Base */ = {isa = PBXFileReference; lastKnownFileType = file.storyboard; name = Base; path = Base.lproj/LaunchScreen.storyboard; sourceTree = "<group>"; };
		3B7A6588288A894A00D17EB6 /* Info.plist */ = {isa = PBXFileReference; lastKnownFileType = text.plist.xml; path = Info.plist; sourceTree = "<group>"; };
		D087FE3828B03F321EBC11A5 /* Pods_SJWActionSheetDemo.framework */ = {isa = PBXFileReference; explicitFileType = wrapper.framework; includeInIndex = 0; path = Pods_SJWActionSheetDemo.framework; sourceTree = BUILT_PRODUCTS_DIR; };
/* End PBXFileReference section */

/* Begin PBXFrameworksBuildPhase section */
		3B7A6574288A894600D17EB6 /* Frameworks */ = {
			isa = PBXFrameworksBuildPhase;
			buildActionMask = 2147483647;
			files = (
				D7364C6701A7EADF08CF21BA /* Pods_SJWActionSheetDemo.framework in Frameworks */,
			);
			runOnlyForDeploymentPostprocessing = 0;
		};
/* End PBXFrameworksBuildPhase section */

/* Begin PBXGroup section */
		0D44B03DDF8FD0C9E1128734 /* Frameworks */ = {
			isa = PBXGroup;
			children = (
				D087FE3828B03F321EBC11A5 /* Pods_SJWActionSheetDemo.framework */,
			);
			name = Frameworks;
			sourceTree = "<group>";
		};
		3B7A656E288A894600D17EB6 = {
			isa = PBXGroup;
			children = (
				3B7A6579288A894600D17EB6 /* SJWActionSheetDemo */,
				3B7A6578288A894600D17EB6 /* Products */,
				D65D5FE40830BB1955C6540B /* Pods */,
				0D44B03DDF8FD0C9E1128734 /* Frameworks */,
			);
			sourceTree = "<group>";
		};
		3B7A6578288A894600D17EB6 /* Products */ = {
			isa = PBXGroup;
			children = (
				3B7A6577288A894600D17EB6 /* SJWActionSheetDemo.app */,
			);
			name = Products;
			sourceTree = "<group>";
		};
		3B7A6579288A894600D17EB6 /* SJWActionSheetDemo */ = {
			isa = PBXGroup;
			children = (
				3B7A657A288A894600D17EB6 /* AppDelegate.swift */,
				3B7A657C288A894600D17EB6 /* SceneDelegate.swift */,
				3B7A657E288A894600D17EB6 /* ViewController.swift */,
				3B7A6580288A894600D17EB6 /* Main.storyboard */,
				3B7A6583288A894A00D17EB6 /* Assets.xcassets */,
				3B7A6585288A894A00D17EB6 /* LaunchScreen.storyboard */,
				3B7A6588288A894A00D17EB6 /* Info.plist */,
			);
			path = SJWActionSheetDemo;
			sourceTree = "<group>";
		};
		D65D5FE40830BB1955C6540B /* Pods */ = {
			isa = PBXGroup;
			children = (
				0FCBCF68B5244C6721C1115A /* Pods-SJWActionSheetDemo.debug.xcconfig */,
				171663001F36F85A17CA341A /* Pods-SJWActionSheetDemo.release.xcconfig */,
			);
			name = Pods;
			path = Pods;
			sourceTree = "<group>";
		};
/* End PBXGroup section */

/* Begin PBXNativeTarget section */
		3B7A6576288A894600D17EB6 /* SJWActionSheetDemo */ = {
			isa = PBXNativeTarget;
			buildConfigurationList = 3B7A658B288A894A00D17EB6 /* Build configuration list for PBXNativeTarget "SJWActionSheetDemo" */;
			buildPhases = (
				7A9B3C3EA6EA890A65A7FCF7 /* [CP] Check Pods Manifest.lock */,
				3B7A6573288A894600D17EB6 /* Sources */,
				3B7A6574288A894600D17EB6 /* Frameworks */,
				3B7A6575288A894600D17EB6 /* Resources */,
				EECA1D3421A4BED973FC57D5 /* [CP] Embed Pods Frameworks */,
			);
			buildRules = (
			);
			dependencies = (
			);
			name = SJWActionSheetDemo;
			productName = SJWActionSheetDemo;
			productReference = 3B7A6577288A894600D17EB6 /* SJWActionSheetDemo.app */;
			productType = "com.apple.product-type.application";
		};
/* End PBXNativeTarget section */

/* Begin PBXProject section */
		3B7A656F288A894600D17EB6 /* Project object */ = {
			isa = PBXProject;
			attributes = {
				BuildIndependentTargetsInParallel = 1;
				LastSwiftUpdateCheck = 1340;
				LastUpgradeCheck = 1340;
				TargetAttributes = {
					3B7A6576288A894600D17EB6 = {
						CreatedOnToolsVersion = 13.4.1;
					};
				};
			};
			buildConfigurationList = 3B7A6572288A894600D17EB6 /* Build configuration list for PBXProject "SJWActionSheetDemo" */;
			compatibilityVersion = "Xcode 13.0";
			developmentRegion = en;
			hasScannedForEncodings = 0;
			knownRegions = (
				en,
				Base,
			);
			mainGroup = 3B7A656E288A894600D17EB6;
			productRefGroup = 3B7A6578288A894600D17EB6 /* Products */;
			projectDirPath = "";
			projectRoot = "";
			targets = (
				3B7A6576288A894600D17EB6 /* SJWActionSheetDemo */,
			);
		};
/* End PBXProject section */

/* Begin PBXResourcesBuildPhase section */
		3B7A6575288A894600D17EB6 /* Resources */ = {
			isa = PBXResourcesBuildPhase;
			buildActionMask = 2147483647;
			files = (
				3B7A6587288A894A00D17EB6 /* LaunchScreen.storyboard in Resources */,
				3B7A6584288A894A00D17EB6 /* Assets.xcassets in Resources */,
				3B7A6582288A894600D17EB6 /* Main.storyboard in Resources */,
			);
			runOnlyForDeploymentPostprocessing = 0;
		};
/* End PBXResourcesBuildPhase section */

/* Begin PBXShellScriptBuildPhase section */
		7A9B3C3EA6EA890A65A7FCF7 /* [CP] Check Pods Manifest.lock */ = {
			isa = PBXShellScriptBuildPhase;
			buildActionMask = 2147483647;
			files = (
			);
			inputFileListPaths = (
			);
			inputPaths = (
				"${PODS_PODFILE_DIR_PATH}/Podfile.lock",
				"${PODS_ROOT}/Manifest.lock",
			);
			name = "[CP] Check Pods Manifest.lock";
			outputFileListPaths = (
			);
			outputPaths = (
				"$(DERIVED_FILE_DIR)/Pods-SJWActionSheetDemo-checkManifestLockResult.txt",
			);
			runOnlyForDeploymentPostprocessing = 0;
			shellPath = /bin/sh;
			shellScript = "diff \"${PODS_PODFILE_DIR_PATH}/Podfile.lock\" \"${PODS_ROOT}/Manifest.lock\" > /dev/null\nif [ $? != 0 ] ; then\n    # print error to STDERR\n    echo \"error: The sandbox is not in sync with the Podfile.lock. Run 'pod install' or update your CocoaPods installation.\" >&2\n    exit 1\nfi\n# This output is used by Xcode 'outputs' to avoid re-running this script phase.\necho \"SUCCESS\" > \"${SCRIPT_OUTPUT_FILE_0}\"\n";
			showEnvVarsInLog = 0;
		};
		EECA1D3421A4BED973FC57D5 /* [CP] Embed Pods Frameworks */ = {
			isa = PBXShellScriptBuildPhase;
			buildActionMask = 2147483647;
			files = (
			);
			inputFileListPaths = (
				"${PODS_ROOT}/Target Support Files/Pods-SJWActionSheetDemo/Pods-SJWActionSheetDemo-frameworks-${CONFIGURATION}-input-files.xcfilelist",
			);
			name = "[CP] Embed Pods Frameworks";
			outputFileListPaths = (
				"${PODS_ROOT}/Target Support Files/Pods-SJWActionSheetDemo/Pods-SJWActionSheetDemo-frameworks-${CONFIGURATION}-output-files.xcfilelist",
			);
			runOnlyForDeploymentPostprocessing = 0;
			shellPath = /bin/sh;
			shellScript = "\"${PODS_ROOT}/Target Support Files/Pods-SJWActionSheetDemo/Pods-SJWActionSheetDemo-frameworks.sh\"\n";
			showEnvVarsInLog = 0;
		};
/* End PBXShellScriptBuildPhase section */

/* Begin PBXSourcesBuildPhase section */
		3B7A6573288A894600D17EB6 /* Sources */ = {
			isa = PBXSourcesBuildPhase;
			buildActionMask = 2147483647;
			files = (
				3B7A657F288A894600D17EB6 /* ViewController.swift in Sources */,
				3B7A657B288A894600D17EB6 /* AppDelegate.swift in Sources */,
				3B7A657D288A894600D17EB6 /* SceneDelegate.swift in Sources */,
			);
			runOnlyForDeploymentPostprocessing = 0;
		};
/* End PBXSourcesBuildPhase section */

/* Begin PBXVariantGroup section */
		3B7A6580288A894600D17EB6 /* Main.storyboard */ = {
			isa = PBXVariantGroup;
			children = (
				3B7A6581288A894600D17EB6 /* Base */,
			);
			name = Main.storyboard;
			sourceTree = "<group>";
		};
		3B7A6585288A894A00D17EB6 /* LaunchScreen.storyboard */ = {
			isa = PBXVariantGroup;
			children = (
				3B7A6586288A894A00D17EB6 /* Base */,
			);
			name = LaunchScreen.storyboard;
			sourceTree = "<group>";
		};
/* End PBXVariantGroup section */

/* Begin XCBuildConfiguration section */
		3B7A6589288A894A00D17EB6 /* Debug */ = {
			isa = XCBuildConfiguration;
			buildSettings = {
				ALWAYS_SEARCH_USER_PATHS = NO;
				CLANG_ANALYZER_NONNULL = YES;
				CLANG_ANALYZER_NUMBER_OBJECT_CONVERSION = YES_AGGRESSIVE;
				CLANG_CXX_LANGUAGE_STANDARD = "gnu++17";
				CLANG_ENABLE_MODULES = YES;
				CLANG_ENABLE_OBJC_ARC = YES;
				CLANG_ENABLE_OBJC_WEAK = YES;
				CLANG_WARN_BLOCK_CAPTURE_AUTORELEASING = YES;
				CLANG_WARN_BOOL_CONVERSION = YES;
				CLANG_WARN_COMMA = YES;
				CLANG_WARN_CONSTANT_CONVERSION = YES;
				CLANG_WARN_DEPRECATED_OBJC_IMPLEMENTATIONS = YES;
				CLANG_WARN_DIRECT_OBJC_ISA_USAGE = YES_ERROR;
				CLANG_WARN_DOCUMENTATION_COMMENTS = YES;
				CLANG_WARN_EMPTY_BODY = YES;
				CLANG_WARN_ENUM_CONVERSION = YES;
				CLANG_WARN_INFINITE_RECURSION = YES;
				CLANG_WARN_INT_CONVERSION = YES;
				CLANG_WARN_NON_LITERAL_NULL_CONVERSION = YES;
				CLANG_WARN_OBJC_IMPLICIT_RETAIN_SELF = YES;
				CLANG_WARN_OBJC_LITERAL_CONVERSION = YES;
				CLANG_WARN_OBJC_ROOT_CLASS = YES_ERROR;
				CLANG_WARN_QUOTED_INCLUDE_IN_FRAMEWORK_HEADER = YES;
				CLANG_WARN_RANGE_LOOP_ANALYSIS = YES;
				CLANG_WARN_STRICT_PROTOTYPES = YES;
				CLANG_WARN_SUSPICIOUS_MOVE = YES;
				CLANG_WARN_UNGUARDED_AVAILABILITY = YES_AGGRESSIVE;
				CLANG_WARN_UNREACHABLE_CODE = YES;
				CLANG_WARN__DUPLICATE_METHOD_MATCH = YES;
				COPY_PHASE_STRIP = NO;
				DEBUG_INFORMATION_FORMAT = dwarf;
				ENABLE_STRICT_OBJC_MSGSEND = YES;
				ENABLE_TESTABILITY = YES;
				GCC_C_LANGUAGE_STANDARD = gnu11;
				GCC_DYNAMIC_NO_PIC = NO;
				GCC_NO_COMMON_BLOCKS = YES;
				GCC_OPTIMIZATION_LEVEL = 0;
				GCC_PREPROCESSOR_DEFINITIONS = (
					"DEBUG=1",
					"$(inherited)",
				);
				GCC_WARN_64_TO_32_BIT_CONVERSION = YES;
				GCC_WARN_ABOUT_RETURN_TYPE = YES_ERROR;
				GCC_WARN_UNDECLARED_SELECTOR = YES;
				GCC_WARN_UNINITIALIZED_AUTOS = YES_AGGRESSIVE;
				GCC_WARN_UNUSED_FUNCTION = YES;
				GCC_WARN_UNUSED_VARIABLE = YES;
				IPHONEOS_DEPLOYMENT_TARGET = 15.5;
				MTL_ENABLE_DEBUG_INFO = INCLUDE_SOURCE;
				MTL_FAST_MATH = YES;
				ONLY_ACTIVE_ARCH = YES;
				SDKROOT = iphoneos;
				SWIFT_ACTIVE_COMPILATION_CONDITIONS = DEBUG;
				SWIFT_OPTIMIZATION_LEVEL = "-Onone";
			};
			name = Debug;
		};
		3B7A658A288A894A00D17EB6 /* Release */ = {
			isa = XCBuildConfiguration;
			buildSettings = {
				ALWAYS_SEARCH_USER_PATHS = NO;
				CLANG_ANALYZER_NONNULL = YES;
				CLANG_ANALYZER_NUMBER_OBJECT_CONVERSION = YES_AGGRESSIVE;
				CLANG_CXX_LANGUAGE_STANDARD = "gnu++17";
				CLANG_ENABLE_MODULES = YES;
				CLANG_ENABLE_OBJC_ARC = YES;
				CLANG_ENABLE_OBJC_WEAK = YES;
				CLANG_WARN_BLOCK_CAPTURE_AUTORELEASING = YES;
				CLANG_WARN_BOOL_CONVERSION = YES;
				CLANG_WARN_COMMA = YES;
				CLANG_WARN_CONSTANT_CONVERSION = YES;
				CLANG_WARN_DEPRECATED_OBJC_IMPLEMENTATIONS = YES;
				CLANG_WARN_DIRECT_OBJC_ISA_USAGE = YES_ERROR;
				CLANG_WARN_DOCUMENTATION_COMMENTS = YES;
				CLANG_WARN_EMPTY_BODY = YES;
				CLANG_WARN_ENUM_CONVERSION = YES;
				CLANG_WARN_INFINITE_RECURSION = YES;
				CLANG_WARN_INT_CONVERSION = YES;
				CLANG_WARN_NON_LITERAL_NULL_CONVERSION = YES;
				CLANG_WARN_OBJC_IMPLICIT_RETAIN_SELF = YES;
				CLANG_WARN_OBJC_LITERAL_CONVERSION = YES;
				CLANG_WARN_OBJC_ROOT_CLASS = YES_ERROR;
				CLANG_WARN_QUOTED_INCLUDE_IN_FRAMEWORK_HEADER = YES;
				CLANG_WARN_RANGE_LOOP_ANALYSIS = YES;
				CLANG_WARN_STRICT_PROTOTYPES = YES;
				CLANG_WARN_SUSPICIOUS_MOVE = YES;
				CLANG_WARN_UNGUARDED_AVAILABILITY = YES_AGGRESSIVE;
				CLANG_WARN_UNREACHABLE_CODE = YES;
				CLANG_WARN__DUPLICATE_METHOD_MATCH = YES;
				COPY_PHASE_STRIP = NO;
				DEBUG_INFORMATION_FORMAT = "dwarf-with-dsym";
				ENABLE_NS_ASSERTIONS = NO;
				ENABLE_STRICT_OBJC_MSGSEND = YES;
				GCC_C_LANGUAGE_STANDARD = gnu11;
				GCC_NO_COMMON_BLOCKS = YES;
				GCC_WARN_64_TO_32_BIT_CONVERSION = YES;
				GCC_WARN_ABOUT_RETURN_TYPE = YES_ERROR;
				GCC_WARN_UNDECLARED_SELECTOR = YES;
				GCC_WARN_UNINITIALIZED_AUTOS = YES_AGGRESSIVE;
				GCC_WARN_UNUSED_FUNCTION = YES;
				GCC_WARN_UNUSED_VARIABLE = YES;
				IPHONEOS_DEPLOYMENT_TARGET = 15.5;
				MTL_ENABLE_DEBUG_INFO = NO;
				MTL_FAST_MATH = YES;
				SDKROOT = iphoneos;
				SWIFT_COMPILATION_MODE = wholemodule;
				SWIFT_OPTIMIZATION_LEVEL = "-O";
				VALIDATE_PRODUCT = YES;
			};
			name = Release;
		};
		3B7A658C288A894A00D17EB6 /* Debug */ = {
			isa = XCBuildConfiguration;
			baseConfigurationReference = 0FCBCF68B5244C6721C1115A /* Pods-SJWActionSheetDemo.debug.xcconfig */;
			buildSettings = {
				ASSETCATALOG_COMPILER_APPICON_NAME = AppIcon;
				ASSETCATALOG_COMPILER_GLOBAL_ACCENT_COLOR_NAME = AccentColor;
				CODE_SIGN_STYLE = Automatic;
				CURRENT_PROJECT_VERSION = 1;
				DEVELOPMENT_TEAM = XSVW22JPST;
				GENERATE_INFOPLIST_FILE = YES;
				INFOPLIST_FILE = SJWActionSheetDemo/Info.plist;
				INFOPLIST_KEY_UIApplicationSupportsIndirectInputEvents = YES;
				INFOPLIST_KEY_UILaunchStoryboardName = LaunchScreen;
				INFOPLIST_KEY_UIMainStoryboardFile = Main;
				INFOPLIST_KEY_UISupportedInterfaceOrientations_iPad = "UIInterfaceOrientationPortrait UIInterfaceOrientationPortraitUpsideDown UIInterfaceOrientationLandscapeLeft UIInterfaceOrientationLandscapeRight";
				INFOPLIST_KEY_UISupportedInterfaceOrientations_iPhone = "UIInterfaceOrientationPortrait UIInterfaceOrientationLandscapeLeft UIInterfaceOrientationLandscapeRight";
				LD_RUNPATH_SEARCH_PATHS = (
					"$(inherited)",
					"@executable_path/Frameworks",
				);
				MARKETING_VERSION = 1.0;
				PRODUCT_BUNDLE_IDENTIFIER = idv.SJW.SJWActionSheetDemo;
				PRODUCT_NAME = "$(TARGET_NAME)";
				SWIFT_EMIT_LOC_STRINGS = YES;
				SWIFT_VERSION = 5.0;
				TARGETED_DEVICE_FAMILY = "1,2";
			};
			name = Debug;
		};
		3B7A658D288A894A00D17EB6 /* Release */ = {
			isa = XCBuildConfiguration;
			baseConfigurationReference = 171663001F36F85A17CA341A /* Pods-SJWActionSheetDemo.release.xcconfig */;
			buildSettings = {
				ASSETCATALOG_COMPILER_APPICON_NAME = AppIcon;
				ASSETCATALOG_COMPILER_GLOBAL_ACCENT_COLOR_NAME = AccentColor;
				CODE_SIGN_STYLE = Automatic;
				CURRENT_PROJECT_VERSION = 1;
				DEVELOPMENT_TEAM = XSVW22JPST;
				GENERATE_INFOPLIST_FILE = YES;
				INFOPLIST_FILE = SJWActionSheetDemo/Info.plist;
				INFOPLIST_KEY_UIApplicationSupportsIndirectInputEvents = YES;
				INFOPLIST_KEY_UILaunchStoryboardName = LaunchScreen;
				INFOPLIST_KEY_UIMainStoryboardFile = Main;
				INFOPLIST_KEY_UISupportedInterfaceOrientations_iPad = "UIInterfaceOrientationPortrait UIInterfaceOrientationPortraitUpsideDown UIInterfaceOrientationLandscapeLeft UIInterfaceOrientationLandscapeRight";
				INFOPLIST_KEY_UISupportedInterfaceOrientations_iPhone = "UIInterfaceOrientationPortrait UIInterfaceOrientationLandscapeLeft UIInterfaceOrientationLandscapeRight";
				LD_RUNPATH_SEARCH_PATHS = (
					"$(inherited)",
					"@executable_path/Frameworks",
				);
				MARKETING_VERSION = 1.0;
				PRODUCT_BUNDLE_IDENTIFIER = idv.SJW.SJWActionSheetDemo;
				PRODUCT_NAME = "$(TARGET_NAME)";
				SWIFT_EMIT_LOC_STRINGS = YES;
				SWIFT_VERSION = 5.0;
				TARGETED_DEVICE_FAMILY = "1,2";
			};
			name = Release;
		};
/* End XCBuildConfiguration section */

/* Begin XCConfigurationList section */
		3B7A6572288A894600D17EB6 /* Build configuration list for PBXProject "SJWActionSheetDemo" */ = {
			isa = XCConfigurationList;
			buildConfigurations = (
				3B7A6589288A894A00D17EB6 /* Debug */,
				3B7A658A288A894A00D17EB6 /* Release */,
			);
			defaultConfigurationIsVisible = 0;
			defaultConfigurationName = Release;
		};
		3B7A658B288A894A00D17EB6 /* Build configuration list for PBXNativeTarget "SJWActionSheetDemo" */ = {
			isa = XCConfigurationList;
			buildConfigurations = (
				3B7A658C288A894A00D17EB6 /* Debug */,
				3B7A658D288A894A00D17EB6 /* Release */,
			);
			defaultConfigurationIsVisible = 0;
			defaultConfigurationName = Release;
		};
/* End XCConfigurationList section */
	};
	rootObject = 3B7A656F288A894600D17EB6 /* Project object */;
}
